
Microsoft Visual Studio Solution File, Format Version 12.00
# Visual Studio Version 16
VisualStudioVersion = 16.0.810.11
MinimumVisualStudioVersion = 10.0.40219.1
Project("{FAE04EC0-301F-11D3-BF4B-00C04F79EFBC}") = "TDD_Budget", "TDD_Budget\TDD_Budget.csproj", "{0AF4CFCD-3CB6-42EE-A2F1-1F775BB98D22}"
EndProject
Global
	GlobalSection(SolutionConfigurationPlatforms) = preSolution
		Debug|Any CPU = Debug|Any CPU
		Release|Any CPU = Release|Any CPU
	EndGlobalSection
	GlobalSection(ProjectConfigurationPlatforms) = postSolution
		{0AF4CFCD-3CB6-42EE-A2F1-1F775BB98D22}.Debug|Any CPU.ActiveCfg = Debug|Any CPU
		{0AF4CFCD-3CB6-42EE-A2F1-1F775BB98D22}.Debug|Any CPU.Build.0 = Debug|Any CPU
		{0AF4CFCD-3CB6-42EE-A2F1-1F775BB98D22}.Release|Any CPU.ActiveCfg = Release|Any CPU
		{0AF4CFCD-3CB6-42EE-A2F1-1F775BB98D22}.Release|Any CPU.Build.0 = Release|Any CPU
	EndGlobalSection
	GlobalSection(SolutionProperties) = preSolution
		HideSolutionNode = FALSE
	EndGlobalSection
	GlobalSection(ExtensibilityGlobals) = postSolution
		SolutionGuid = {366EFA15-F6EB-45AF-89D4-E231EF7D3CC7}
	EndGlobalSection
EndGlobal
